
Microsoft Visual Studio Solution File, Format Version 12.00
# Visual Studio 14
VisualStudioVersion = 14.0.25420.1
MinimumVisualStudioVersion = 10.0.40219.1
Project("{FAE04EC0-301F-11D3-BF4B-00C04F79EFBC}") = "UPSBrowser", "UPSBrowser.csproj", "{1A114571-4BC9-4AC4-8269-1CC3DEB32372}"
EndProject
Project("{FAE04EC0-301F-11D3-BF4B-00C04F79EFBC}") = "UPSBrowserLogger", "..\UPSBrowserLogger\UPSBrowserLogger.csproj", "{ADC0D451-94AF-41D2-AA60-DC0D6543BD67}"
EndProject
Global
	GlobalSection(SolutionConfigurationPlatforms) = preSolution
		Debug|Any CPU = Debug|Any CPU
		Release|Any CPU = Release|Any CPU
	EndGlobalSection
	GlobalSection(ProjectConfigurationPlatforms) = postSolution
		{1A114571-4BC9-4AC4-8269-1CC3DEB32372}.Debug|Any CPU.ActiveCfg = Debug|Any CPU
		{1A114571-4BC9-4AC4-8269-1CC3DEB32372}.Debug|Any CPU.Build.0 = Debug|Any CPU
		{1A114571-4BC9-4AC4-8269-1CC3DEB32372}.Debug|Any CPU.Deploy.0 = Debug|Any CPU
		{1A114571-4BC9-4AC4-8269-1CC3DEB32372}.Release|Any CPU.ActiveCfg = Release|Any CPU
		{1A114571-4BC9-4AC4-8269-1CC3DEB32372}.Release|Any CPU.Build.0 = Release|Any CPU
		{1A114571-4BC9-4AC4-8269-1CC3DEB32372}.Release|Any CPU.Deploy.0 = Release|Any CPU
		{ADC0D451-94AF-41D2-AA60-DC0D6543BD67}.Debug|Any CPU.ActiveCfg = Debug|Any CPU
		{ADC0D451-94AF-41D2-AA60-DC0D6543BD67}.Debug|Any CPU.Build.0 = Debug|Any CPU
		{ADC0D451-94AF-41D2-AA60-DC0D6543BD67}.Debug|Any CPU.Deploy.0 = Debug|Any CPU
		{ADC0D451-94AF-41D2-AA60-DC0D6543BD67}.Release|Any CPU.ActiveCfg = Release|Any CPU
		{ADC0D451-94AF-41D2-AA60-DC0D6543BD67}.Release|Any CPU.Build.0 = Release|Any CPU
		{ADC0D451-94AF-41D2-AA60-DC0D6543BD67}.Release|Any CPU.Deploy.0 = Release|Any CPU
	EndGlobalSection
	GlobalSection(SolutionProperties) = preSolution
		HideSolutionNode = FALSE
	EndGlobalSection
EndGlobal
